
Microsoft Visual Studio Solution File, Format Version 12.00
# Visual Studio 14
VisualStudioVersion = 14.0.25420.1
MinimumVisualStudioVersion = 10.0.40219.1
Project("{2150E333-8FDC-42A3-9474-1A3956D46DE8}") = "Solution Items", "Solution Items", "{09127EEA-49C2-4165-B5FD-55B1187E4BFD}"
	ProjectSection(SolutionItems) = preProject
		.gitignore = .gitignore
		LICENSE = LICENSE
		PrecompiledAzureFunctionsRevisited.sln.DotSettings = PrecompiledAzureFunctionsRevisited.sln.DotSettings
		README.md = README.md
		Settings.StyleCop = Settings.StyleCop
	EndProjectSection
EndProject
Project("{2150E333-8FDC-42A3-9474-1A3956D46DE8}") = "src", "src", "{ED8B8B75-A681-4760-BC76-AD02A870ACB3}"
EndProject
Project("{FAE04EC0-301F-11D3-BF4B-00C04F79EFBC}") = "PrecompiledSample.EntityModels", "src\PrecompiledSample.EntityModels\PrecompiledSample.EntityModels.csproj", "{51F07C1F-77AB-4362-8BA8-139498473EBA}"
EndProject
Project("{FAE04EC0-301F-11D3-BF4B-00C04F79EFBC}") = "PrecompiledSample.Models", "src\PrecompiledSample.Models\PrecompiledSample.Models.csproj", "{62A528AA-903A-4560-AB27-1E971FDF4109}"
EndProject
Project("{FAE04EC0-301F-11D3-BF4B-00C04F79EFBC}") = "PrecompiledSample.Services", "src\PrecompiledSample.Services\PrecompiledSample.Services.csproj", "{0CDFCF89-40B9-4E2A-AE02-8CF6F0930EF5}"
EndProject
Project("{FAE04EC0-301F-11D3-BF4B-00C04F79EFBC}") = "PrecompiledSample.Functions", "src\PrecompiledSample.Functions\PrecompiledSample.Functions.csproj", "{A2382241-261C-41B3-AFA7-3C26E0447360}"
EndProject
Global
	GlobalSection(SolutionConfigurationPlatforms) = preSolution
		Debug|Any CPU = Debug|Any CPU
		Release|Any CPU = Release|Any CPU
	EndGlobalSection
	GlobalSection(ProjectConfigurationPlatforms) = postSolution
		{51F07C1F-77AB-4362-8BA8-139498473EBA}.Debug|Any CPU.ActiveCfg = Debug|Any CPU
		{51F07C1F-77AB-4362-8BA8-139498473EBA}.Debug|Any CPU.Build.0 = Debug|Any CPU
		{51F07C1F-77AB-4362-8BA8-139498473EBA}.Release|Any CPU.ActiveCfg = Release|Any CPU
		{51F07C1F-77AB-4362-8BA8-139498473EBA}.Release|Any CPU.Build.0 = Release|Any CPU
		{62A528AA-903A-4560-AB27-1E971FDF4109}.Debug|Any CPU.ActiveCfg = Debug|Any CPU
		{62A528AA-903A-4560-AB27-1E971FDF4109}.Debug|Any CPU.Build.0 = Debug|Any CPU
		{62A528AA-903A-4560-AB27-1E971FDF4109}.Release|Any CPU.ActiveCfg = Release|Any CPU
		{62A528AA-903A-4560-AB27-1E971FDF4109}.Release|Any CPU.Build.0 = Release|Any CPU
		{0CDFCF89-40B9-4E2A-AE02-8CF6F0930EF5}.Debug|Any CPU.ActiveCfg = Debug|Any CPU
		{0CDFCF89-40B9-4E2A-AE02-8CF6F0930EF5}.Debug|Any CPU.Build.0 = Debug|Any CPU
		{0CDFCF89-40B9-4E2A-AE02-8CF6F0930EF5}.Release|Any CPU.ActiveCfg = Release|Any CPU
		{0CDFCF89-40B9-4E2A-AE02-8CF6F0930EF5}.Release|Any CPU.Build.0 = Release|Any CPU
		{A2382241-261C-41B3-AFA7-3C26E0447360}.Debug|Any CPU.ActiveCfg = Debug|Any CPU
		{A2382241-261C-41B3-AFA7-3C26E0447360}.Debug|Any CPU.Build.0 = Debug|Any CPU
		{A2382241-261C-41B3-AFA7-3C26E0447360}.Release|Any CPU.ActiveCfg = Release|Any CPU
		{A2382241-261C-41B3-AFA7-3C26E0447360}.Release|Any CPU.Build.0 = Release|Any CPU
	EndGlobalSection
	GlobalSection(SolutionProperties) = preSolution
		HideSolutionNode = FALSE
	EndGlobalSection
	GlobalSection(NestedProjects) = preSolution
		{51F07C1F-77AB-4362-8BA8-139498473EBA} = {ED8B8B75-A681-4760-BC76-AD02A870ACB3}
		{62A528AA-903A-4560-AB27-1E971FDF4109} = {ED8B8B75-A681-4760-BC76-AD02A870ACB3}
		{0CDFCF89-40B9-4E2A-AE02-8CF6F0930EF5} = {ED8B8B75-A681-4760-BC76-AD02A870ACB3}
		{A2382241-261C-41B3-AFA7-3C26E0447360} = {ED8B8B75-A681-4760-BC76-AD02A870ACB3}
	EndGlobalSection
EndGlobal
